
Microsoft Visual Studio Solution File, Format Version 12.00
# Visual Studio Version 17
VisualStudioVersion = 17.4.33205.214
MinimumVisualStudioVersion = 10.0.40219.1
Project("{FAE04EC0-301F-11D3-BF4B-00C04F79EFBC}") = "MvcCoreCv", "MvcCoreCv\MvcCoreCv.csproj", "{A87AFF38-D667-4687-B84C-C5D69B05DDCB}"
EndProject
Global
	GlobalSection(SolutionConfigurationPlatforms) = preSolution
		Debug|Any CPU = Debug|Any CPU
		Release|Any CPU = Release|Any CPU
	EndGlobalSection
	GlobalSection(ProjectConfigurationPlatforms) = postSolution
		{A87AFF38-D667-4687-B84C-C5D69B05DDCB}.Debug|Any CPU.ActiveCfg = Debug|Any CPU
		{A87AFF38-D667-4687-B84C-C5D69B05DDCB}.Debug|Any CPU.Build.0 = Debug|Any CPU
		{A87AFF38-D667-4687-B84C-C5D69B05DDCB}.Release|Any CPU.ActiveCfg = Release|Any CPU
		{A87AFF38-D667-4687-B84C-C5D69B05DDCB}.Release|Any CPU.Build.0 = Release|Any CPU
	EndGlobalSection
	GlobalSection(SolutionProperties) = preSolution
		HideSolutionNode = FALSE
	EndGlobalSection
	GlobalSection(ExtensibilityGlobals) = postSolution
		SolutionGuid = {41CCB7E9-4E13-48F0-9416-53A6446C8595}
	EndGlobalSection
EndGlobal
